{
  "originHash" : "e24921b90a38402e6a2eec2cc39c519991f0de73af3d06e6f8b3695c9e1bfa89",
  "pins" : [
    {
      "identity" : "addetailsmodule",
      "kind" : "remoteSourceControl",
      "location" : "https://github.com/gaidasalwa/AdDetailsModule.git",
      "state" : {
        "revision" : "47644a73ade93b06705fef969f828fa43073d845",
        "version" : "1.3.0"
      }
    },
    {
      "identity" : "alamofire",
      "kind" : "remoteSourceControl",
      "location" : "https://github.com/Alamofire/Alamofire.git",
      "state" : {
        "revision" : "513364f870f6bfc468f9d2ff0a95caccc10044c5",
        "version" : "5.10.2"
      }
    },
    {
      "identity" : "appdi",
      "kind" : "remoteSourceControl",
      "location" : "https://github.com/gaidasalwa/AppDI.git",
      "state" : {
        "revision" : "cd6711bcc681945808672ab61d0ff06fa88712ec",
        "version" : "1.1.0"
      }
    },
    {
      "identity" : "appmodels",
      "kind" : "remoteSourceControl",
      "location" : "https://github.com/gaidasalwa/AppModels.git",
      "state" : {
        "revision" : "64bfaed3df02bab860b73415ac72880fb2824321",
        "version" : "1.0.0"
      }
    },
    {
      "identity" : "coremodule",
      "kind" : "remoteSourceControl",
      "location" : "https://github.com/gaidasalwa/CoreModule.git",
      "state" : {
        "revision" : "267d87a6938e9b93477d67783d8734ada4004626",
        "version" : "1.4.0"
      }
    },
    {
      "identity" : "extensions",
      "kind" : "remoteSourceControl",
      "location" : "https://github.com/gaidasalwa/Extensions.git",
      "state" : {
        "revision" : "dc010c279e9058732a570dc12ff5cf76e8dcd1c7",
        "version" : "1.4.0"
      }
    },
    {
      "identity" : "factory",
      "kind" : "remoteSourceControl",
      "location" : "https://github.com/hmlongco/Factory.git",
      "state" : {
        "revision" : "fb04a8918848e413d3921d346a23bae7f81088d9",
        "version" : "2.4.3"
      }
    },
    {
      "identity" : "rxswift",
      "kind" : "remoteSourceControl",
      "location" : "https://github.com/ReactiveX/RxSwift.git",
      "state" : {
        "revision" : "5dd1907d64f0d36f158f61a466bab75067224893",
        "version" : "6.9.0"
      }
    }
  ],
  "version" : 3
}
